
Microsoft Visual Studio Solution File, Format Version 12.00
# Visual Studio Version 17
VisualStudioVersion = 17.8.34309.116
MinimumVisualStudioVersion = 10.0.40219.1
Project("{8BC9CEB8-8B4A-11D0-8D11-00A0C91BC942}") = "wxWidgets-test2", "wxWidgets-test2\wxWidgets-test2.vcxproj", "{7F646026-9928-4D88-9DE9-CE9436D971BC}"
EndProject
Global
	GlobalSection(SolutionConfigurationPlatforms) = preSolution
		Debug|x64 = Debug|x64
		Debug|x86 = Debug|x86
		Release|x64 = Release|x64
		Release|x86 = Release|x86
	EndGlobalSection
	GlobalSection(ProjectConfigurationPlatforms) = postSolution
		{7F646026-9928-4D88-9DE9-CE9436D971BC}.Debug|x64.ActiveCfg = Debug|x64
		{7F646026-9928-4D88-9DE9-CE9436D971BC}.Debug|x64.Build.0 = Debug|x64
		{7F646026-9928-4D88-9DE9-CE9436D971BC}.Debug|x86.ActiveCfg = Debug|Win32
		{7F646026-9928-4D88-9DE9-CE9436D971BC}.Debug|x86.Build.0 = Debug|Win32
		{7F646026-9928-4D88-9DE9-CE9436D971BC}.Release|x64.ActiveCfg = Release|x64
		{7F646026-9928-4D88-9DE9-CE9436D971BC}.Release|x64.Build.0 = Release|x64
		{7F646026-9928-4D88-9DE9-CE9436D971BC}.Release|x86.ActiveCfg = Release|Win32
		{7F646026-9928-4D88-9DE9-CE9436D971BC}.Release|x86.Build.0 = Release|Win32
	EndGlobalSection
	GlobalSection(SolutionProperties) = preSolution
		HideSolutionNode = FALSE
	EndGlobalSection
	GlobalSection(ExtensibilityGlobals) = postSolution
		SolutionGuid = {444CCC65-107E-44EE-8CE1-403EECE7A818}
	EndGlobalSection
EndGlobal
